<?xml version="1.0" encoding="utf-8"?>
<Project ToolsVersion="4.0" xmlns="http://schemas.microsoft.com/developer/msbuild/2003">
  <ItemGroup>
    <Filter Include="Файлы исходного кода">
      <UniqueIdentifier>{4FC737F1-C7A5-4376-A066-2A32D752A2FF}</UniqueIdentifier>
      <Extensions>cpp;c;cc;cxx;def;odl;idl;hpj;bat;asm;asmx</Extensions>
    </Filter>
    <Filter Include="Заголовочные файлы">
      <UniqueIdentifier>{93995380-89BD-4b04-88EB-625FBE52EBFB}</UniqueIdentifier>
      <Extensions>h;hh;hpp;hxx;hm;inl;inc;xsd</Extensions>
    </Filter>
    <Filter Include="Файлы ресурсов">
      <UniqueIdentifier>{67DA6AB6-F800-4c08-8B7A-83BB121AAD01}</UniqueIdentifier>
      <Extensions>rc;ico;cur;bmp;dlg;rc2;rct;bin;rgs;gif;jpg;jpeg;jpe;resx;tiff;tif;png;wav;mfcribbon-ms</Extensions>
    </Filter>
    <Filter Include="TinyXML">
      <UniqueIdentifier>{b44df909-11d1-49c3-ab41-e26176bf6a63}</UniqueIdentifier>
    </Filter>
    <Filter Include="Заголовочные файлы\Enemies">
      <UniqueIdentifier>{74555ddd-6db1-4c02-8c94-184068530c8f}</UniqueIdentifier>
    </Filter>
    <Filter Include="Заголовочные файлы\Interface">
      <UniqueIdentifier>{8530e1e5-22c8-4b64-af76-2fc8f09da6a2}</UniqueIdentifier>
    </Filter>
    <Filter Include="Заголовочные файлы\Mechanics">
      <UniqueIdentifier>{d4068c23-137f-4b8c-8a62-3439345c97a5}</UniqueIdentifier>
    </Filter>
    <Filter Include="Файлы исходного кода\Enemies">
      <UniqueIdentifier>{f8713981-380b-405b-971a-67c08c306b2e}</UniqueIdentifier>
    </Filter>
    <Filter Include="Файлы исходного кода\Interface">
      <UniqueIdentifier>{55e57609-1143-40b8-97da-1322228f6e80}</UniqueIdentifier>
    </Filter>
    <Filter Include="Файлы исходного кода\Mechanics">
      <UniqueIdentifier>{504d67f9-9c74-41cc-bd14-2530bd6ad7db}</UniqueIdentifier>
    </Filter>
    <Filter Include="Файлы исходного кода\Utils">
      <UniqueIdentifier>{dc38abcf-2cbe-4593-b833-be115a82e669}</UniqueIdentifier>
    </Filter>
    <Filter Include="Файлы исходного кода\Player">
      <UniqueIdentifier>{a8ace3bd-5c93-4562-b9c1-6a739eca92fc}</UniqueIdentifier>
    </Filter>
    <Filter Include="Файлы исходного кода\Objects">
      <UniqueIdentifier>{fd8a258b-b03b-4dc7-b56c-939c5e371cd8}</UniqueIdentifier>
    </Filter>
    <Filter Include="Заголовочные файлы\Utils">
      <UniqueIdentifier>{9f8850e1-4389-411e-9f36-12fcd76ed8ec}</UniqueIdentifier>
    </Filter>
    <Filter Include="Заголовочные файлы\Player">
      <UniqueIdentifier>{c3c4b84d-cd3c-44b9-9a00-bfbe3f1c7e6d}</UniqueIdentifier>
    </Filter>
    <Filter Include="Заголовочные файлы\Objects">
      <UniqueIdentifier>{97eddbcd-918a-4179-88dd-e648b588233f}</UniqueIdentifier>
    </Filter>
    <Filter Include="Заголовочные файлы\Bosses">
      <UniqueIdentifier>{adb1d7d9-3a65-4398-ad97-ebf3dab710c1}</UniqueIdentifier>
    </Filter>
    <Filter Include="Файлы исходного кода\Bosses">
      <UniqueIdentifier>{de14ccd9-f927-4c89-a8a9-60556a2d786c}</UniqueIdentifier>
    </Filter>
    <Filter Include="Заголовочные файлы\States">
      <UniqueIdentifier>{8aa708ed-bfdc-4b73-8dae-60d4fd67787c}</UniqueIdentifier>
    </Filter>
    <Filter Include="Файлы исходного кода\States">
      <UniqueIdentifier>{75f09c08-2b17-4aa1-8f60-21bf1f3f5398}</UniqueIdentifier>
    </Filter>
  </ItemGroup>
  <ItemGroup>
    <ClCompile Include="TinyXML\tinystr.cpp">
      <Filter>TinyXML</Filter>
    </ClCompile>
    <ClCompile Include="TinyXML\tinyxml.cpp">
      <Filter>TinyXML</Filter>
    </ClCompile>
    <ClCompile Include="TinyXML\tinyxmlerror.cpp">
      <Filter>TinyXML</Filter>
    </ClCompile>
    <ClCompile Include="TinyXML\tinyxmlparser.cpp">
      <Filter>TinyXML</Filter>
    </ClCompile>
    <ClCompile Include="Source\Utility.cpp">
      <Filter>Файлы исходного кода\Utils</Filter>
    </ClCompile>
    <ClCompile Include="Source\Player.cpp">
      <Filter>Файлы исходного кода\Player</Filter>
    </ClCompile>
    <ClCompile Include="Source\Bullet.cpp">
      <Filter>Файлы исходного кода\Objects</Filter>
    </ClCompile>
    <ClCompile Include="Source\Entity.cpp">
      <Filter>Файлы исходного кода\Objects</Filter>
    </ClCompile>
    <ClCompile Include="Source\MovingPlatform.cpp">
      <Filter>Файлы исходного кода\Objects</Filter>
    </ClCompile>
    <ClCompile Include="Source\AnimatedSprite.cpp">
      <Filter>Файлы исходного кода\Mechanics</Filter>
    </ClCompile>
    <ClCompile Include="Source\Animation.cpp">
      <Filter>Файлы исходного кода\Mechanics</Filter>
    </ClCompile>
    <ClCompile Include="Source\Application.cpp">
      <Filter>Файлы исходного кода\Mechanics</Filter>
    </ClCompile>
    <ClCompile Include="Source\DataTables.cpp">
      <Filter>Файлы исходного кода\Mechanics</Filter>
    </ClCompile>
    <ClCompile Include="Source\World.cpp">
      <Filter>Файлы исходного кода\Mechanics</Filter>
    </ClCompile>
    <ClCompile Include="Source\Enemy.cpp">
      <Filter>Файлы исходного кода\Enemies</Filter>
    </ClCompile>
    <ClCompile Include="Source\Dwarf.cpp">
      <Filter>Файлы исходного кода\Enemies</Filter>
    </ClCompile>
    <ClCompile Include="Source\Darksoldier.cpp">
      <Filter>Файлы исходного кода\Enemies</Filter>
    </ClCompile>
    <ClCompile Include="Source\Ghost.cpp">
      <Filter>Файлы исходного кода\Enemies</Filter>
    </ClCompile>
    <ClCompile Include="Source\Goblin.cpp">
      <Filter>Файлы исходного кода\Enemies</Filter>
    </ClCompile>
    <ClCompile Include="Source\Golem.cpp">
      <Filter>Файлы исходного кода\Enemies</Filter>
    </ClCompile>
    <ClCompile Include="Source\MinotaurMage.cpp">
      <Filter>Файлы исходного кода\Enemies</Filter>
    </ClCompile>
    <ClCompile Include="Source\Button.cpp">
      <Filter>Файлы исходного кода\Interface</Filter>
    </ClCompile>
    <ClCompile Include="Source\Component.cpp">
      <Filter>Файлы исходного кода\Interface</Filter>
    </ClCompile>
    <ClCompile Include="Source\Container.cpp">
      <Filter>Файлы исходного кода\Interface</Filter>
    </ClCompile>
    <ClCompile Include="Source\Label.cpp">
      <Filter>Файлы исходного кода\Interface</Filter>
    </ClCompile>
    <ClCompile Include="Source\Level.cpp">
      <Filter>Файлы исходного кода\Interface</Filter>
    </ClCompile>
    <ClCompile Include="Source\Lifebar.cpp">
      <Filter>Файлы исходного кода\Interface</Filter>
    </ClCompile>
    <ClCompile Include="Source\Main.cpp">
      <Filter>Файлы исходного кода\Mechanics</Filter>
    </ClCompile>
    <ClCompile Include="Source\PlayerInfo.cpp">
      <Filter>Файлы исходного кода\Mechanics</Filter>
    </ClCompile>
    <ClCompile Include="Source\StateStack.cpp">
      <Filter>Файлы исходного кода\States</Filter>
    </ClCompile>
    <ClCompile Include="Source\TitleState.cpp">
      <Filter>Файлы исходного кода\States</Filter>
    </ClCompile>
    <ClCompile Include="Source\SettingsState.cpp">
      <Filter>Файлы исходного кода\States</Filter>
    </ClCompile>
    <ClCompile Include="Source\PauseState.cpp">
      <Filter>Файлы исходного кода\States</Filter>
    </ClCompile>
    <ClCompile Include="Source\MenuState.cpp">
      <Filter>Файлы исходного кода\States</Filter>
    </ClCompile>
    <ClCompile Include="Source\GameState.cpp">
      <Filter>Файлы исходного кода\States</Filter>
    </ClCompile>
    <ClCompile Include="Source\GameOverState.cpp">
      <Filter>Файлы исходного кода\States</Filter>
    </ClCompile>
    <ClCompile Include="Source\State.cpp">
      <Filter>Файлы исходного кода\States</Filter>
    </ClCompile>
    <ClCompile Include="Source\DialogState.cpp">
      <Filter>Файлы исходного кода\States</Filter>
    </ClCompile>
    <ClCompile Include="Source\Rock.cpp">
      <Filter>Файлы исходного кода\Objects</Filter>
    </ClCompile>
    <ClCompile Include="Source\Gate.cpp">
      <Filter>Файлы исходного кода\Objects</Filter>
    </ClCompile>
    <ClCompile Include="Source\DialogPerson.cpp">
      <Filter>Файлы исходного кода\Objects</Filter>
    </ClCompile>
    <ClCompile Include="Source\Shadow.cpp">
      <Filter>Файлы исходного кода\Bosses</Filter>
    </ClCompile>
    <ClCompile Include="Source\Tentacle.cpp">
      <Filter>Файлы исходного кода\Enemies</Filter>
    </ClCompile>
    <ClCompile Include="Source\LoadingState.cpp">
      <Filter>Файлы исходного кода\States</Filter>
    </ClCompile>
    <ClCompile Include="Source\ParallelTask.cpp">
      <Filter>Файлы исходного кода\States</Filter>
    </ClCompile>
    <ClCompile Include="Source\GolemDark.cpp">
      <Filter>Файлы исходного кода\Bosses</Filter>
    </ClCompile>
    <ClCompile Include="Source\DeadMan.cpp">
      <Filter>Файлы исходного кода\Objects</Filter>
    </ClCompile>
    <ClCompile Include="Source\ChoosingState.cpp">
      <Filter>Файлы исходного кода\States</Filter>
    </ClCompile>
    <ClCompile Include="Source\TitreState.cpp">
      <Filter>Файлы исходного кода\States</Filter>
    </ClCompile>
  </ItemGroup>
  <ItemGroup>
    <ClInclude Include="TinyXML\tinystr.h">
      <Filter>TinyXML</Filter>
    </ClInclude>
    <ClInclude Include="TinyXML\tinyxml.h">
      <Filter>TinyXML</Filter>
    </ClInclude>
    <ClInclude Include="Include\Enemy.hpp">
      <Filter>Заголовочные файлы\Enemies</Filter>
    </ClInclude>
    <ClInclude Include="Include\Ghost.hpp">
      <Filter>Заголовочные файлы\Enemies</Filter>
    </ClInclude>
    <ClInclude Include="Include\Dwarf.hpp">
      <Filter>Заголовочные файлы\Enemies</Filter>
    </ClInclude>
    <ClInclude Include="Include\Goblin.hpp">
      <Filter>Заголовочные файлы\Enemies</Filter>
    </ClInclude>
    <ClInclude Include="Include\Golem.hpp">
      <Filter>Заголовочные файлы\Enemies</Filter>
    </ClInclude>
    <ClInclude Include="Include\MinotaurMage.hpp">
      <Filter>Заголовочные файлы\Enemies</Filter>
    </ClInclude>
    <ClInclude Include="Include\Darksoldier.hpp">
      <Filter>Заголовочные файлы\Enemies</Filter>
    </ClInclude>
    <ClInclude Include="Include\AnimatedSprite.hpp">
      <Filter>Заголовочные файлы\Mechanics</Filter>
    </ClInclude>
    <ClInclude Include="Include\Animation.hpp">
      <Filter>Заголовочные файлы\Mechanics</Filter>
    </ClInclude>
    <ClInclude Include="Include\Button.hpp">
      <Filter>Заголовочные файлы\Interface</Filter>
    </ClInclude>
    <ClInclude Include="Include\Component.hpp">
      <Filter>Заголовочные файлы\Interface</Filter>
    </ClInclude>
    <ClInclude Include="Include\Container.hpp">
      <Filter>Заголовочные файлы\Interface</Filter>
    </ClInclude>
    <ClInclude Include="Include\Label.hpp">
      <Filter>Заголовочные файлы\Interface</Filter>
    </ClInclude>
    <ClInclude Include="Include\Level.hpp">
      <Filter>Заголовочные файлы\Interface</Filter>
    </ClInclude>
    <ClInclude Include="Include\Lifebar.hpp">
      <Filter>Заголовочные файлы\Interface</Filter>
    </ClInclude>
    <ClInclude Include="Include\ResourceHolder.hpp">
      <Filter>Заголовочные файлы\Mechanics</Filter>
    </ClInclude>
    <ClInclude Include="Include\ResourceIdentifiers.hpp">
      <Filter>Заголовочные файлы\Mechanics</Filter>
    </ClInclude>
    <ClInclude Include="Include\DataTables.hpp">
      <Filter>Заголовочные файлы\Mechanics</Filter>
    </ClInclude>
    <ClInclude Include="Include\Application.hpp">
      <Filter>Заголовочные файлы\Mechanics</Filter>
    </ClInclude>
    <ClInclude Include="Include\World.hpp">
      <Filter>Заголовочные файлы\Mechanics</Filter>
    </ClInclude>
    <ClInclude Include="Include\Foreach.hpp">
      <Filter>Заголовочные файлы\Utils</Filter>
    </ClInclude>
    <ClInclude Include="Include\Utility.hpp">
      <Filter>Заголовочные файлы\Utils</Filter>
    </ClInclude>
    <ClInclude Include="Include\Bullet.hpp">
      <Filter>Заголовочные файлы\Objects</Filter>
    </ClInclude>
    <ClInclude Include="Include\Entity.hpp">
      <Filter>Заголовочные файлы\Objects</Filter>
    </ClInclude>
    <ClInclude Include="Include\MovingPlatform.hpp">
      <Filter>Заголовочные файлы\Objects</Filter>
    </ClInclude>
    <ClInclude Include="Include\Pickup.hpp">
      <Filter>Заголовочные файлы\Player</Filter>
    </ClInclude>
    <ClInclude Include="Include\Player.hpp">
      <Filter>Заголовочные файлы\Player</Filter>
    </ClInclude>
    <ClInclude Include="Include\PlayerInfo.hpp">
      <Filter>Заголовочные файлы\Mechanics</Filter>
    </ClInclude>
    <ClInclude Include="Include\TitleState.hpp">
      <Filter>Заголовочные файлы\States</Filter>
    </ClInclude>
    <ClInclude Include="Include\StateIdentifiers.hpp">
      <Filter>Заголовочные файлы\States</Filter>
    </ClInclude>
    <ClInclude Include="Include\StateStack.hpp">
      <Filter>Заголовочные файлы\States</Filter>
    </ClInclude>
    <ClInclude Include="Include\State.hpp">
      <Filter>Заголовочные файлы\States</Filter>
    </ClInclude>
    <ClInclude Include="Include\SettingsState.hpp">
      <Filter>Заголовочные файлы\States</Filter>
    </ClInclude>
    <ClInclude Include="Include\PauseState.hpp">
      <Filter>Заголовочные файлы\States</Filter>
    </ClInclude>
    <ClInclude Include="Include\MenuState.hpp">
      <Filter>Заголовочные файлы\States</Filter>
    </ClInclude>
    <ClInclude Include="Include\GameState.hpp">
      <Filter>Заголовочные файлы\States</Filter>
    </ClInclude>
    <ClInclude Include="Include\GameOverState.hpp">
      <Filter>Заголовочные файлы\States</Filter>
    </ClInclude>
    <ClInclude Include="Include\DialogState.hpp">
      <Filter>Заголовочные файлы\States</Filter>
    </ClInclude>
    <ClInclude Include="Include\Rock.hpp">
      <Filter>Заголовочные файлы\Objects</Filter>
    </ClInclude>
    <ClInclude Include="Include\Gate.hpp">
      <Filter>Заголовочные файлы\Objects</Filter>
    </ClInclude>
    <ClInclude Include="Include\DialogPerson.hpp">
      <Filter>Заголовочные файлы\Objects</Filter>
    </ClInclude>
    <ClInclude Include="Include\Shadow.hpp">
      <Filter>Заголовочные файлы\Bosses</Filter>
    </ClInclude>
    <ClInclude Include="Include\Tentacle.hpp">
      <Filter>Заголовочные файлы\Enemies</Filter>
    </ClInclude>
    <ClInclude Include="Include\LoadingState.hpp">
      <Filter>Заголовочные файлы\States</Filter>
    </ClInclude>
    <ClInclude Include="Include\ParallelTask.hpp">
      <Filter>Заголовочные файлы\States</Filter>
    </ClInclude>
    <ClInclude Include="Include\GolemDark.hpp">
      <Filter>Заголовочные файлы\Bosses</Filter>
    </ClInclude>
    <ClInclude Include="Include\DeadMan.hpp">
      <Filter>Заголовочные файлы\Objects</Filter>
    </ClInclude>
    <ClInclude Include="Include\ChoosingState.hpp">
      <Filter>Заголовочные файлы\States</Filter>
    </ClInclude>
    <ClInclude Include="Include\TitreState.hpp">
      <Filter>Заголовочные файлы\States</Filter>
    </ClInclude>
  </ItemGroup>
  <ItemGroup>
    <None Include="Include\ResourceHolder.inl">
      <Filter>Заголовочные файлы\Mechanics</Filter>
    </None>
    <None Include="Include\Utility.inl">
      <Filter>Заголовочные файлы\Utils</Filter>
    </None>
  </ItemGroup>
</Project>